
Microsoft Visual Studio Solution File, Format Version 12.00
# Visual Studio Version 16
VisualStudioVersion = 16.0.31321.278
MinimumVisualStudioVersion = 10.0.40219.1
Project("{D2ABAB84-BF74-430A-B69E-9DC6D40DDA17}") = "MiPrimerCubo", "MiPrimerCubo.dwproj", "{0B9E0A9B-EBF9-4C4C-8547-04D91B584412}"
EndProject
Global
	GlobalSection(SolutionConfigurationPlatforms) = preSolution
		Development|Default = Development|Default
	EndGlobalSection
	GlobalSection(ProjectConfigurationPlatforms) = postSolution
		{0B9E0A9B-EBF9-4C4C-8547-04D91B584412}.Development|Default.ActiveCfg = Development
		{0B9E0A9B-EBF9-4C4C-8547-04D91B584412}.Development|Default.Build.0 = Development
		{0B9E0A9B-EBF9-4C4C-8547-04D91B584412}.Development|Default.Deploy.0 = Development
	EndGlobalSection
	GlobalSection(SolutionProperties) = preSolution
		HideSolutionNode = FALSE
	EndGlobalSection
	GlobalSection(ExtensibilityGlobals) = postSolution
		SolutionGuid = {FAB67DD4-2792-4781-9424-A241D56F26A3}
	EndGlobalSection
EndGlobal
